
Microsoft Visual Studio Solution File, Format Version 12.00
# Visual Studio Version 17
VisualStudioVersion = 17.9.34607.119
MinimumVisualStudioVersion = 10.0.40219.1
Project("{FAE04EC0-301F-11D3-BF4B-00C04F79EFBC}") = "ChatServerLab3", "ChatServerLab3\ChatServerLab3.csproj", "{CE6276AA-EB5A-4893-BCCD-16AB395D863E}"
EndProject
Project("{FAE04EC0-301F-11D3-BF4B-00C04F79EFBC}") = "ChatClient", "ChatClient\ChatClient.csproj", "{E2B16A78-2883-4A6B-BCB8-F3BACEA5EEBA}"
EndProject
Global
	GlobalSection(SolutionConfigurationPlatforms) = preSolution
		Debug|Any CPU = Debug|Any CPU
		Release|Any CPU = Release|Any CPU
	EndGlobalSection
	GlobalSection(ProjectConfigurationPlatforms) = postSolution
		{CE6276AA-EB5A-4893-BCCD-16AB395D863E}.Debug|Any CPU.ActiveCfg = Debug|Any CPU
		{CE6276AA-EB5A-4893-BCCD-16AB395D863E}.Debug|Any CPU.Build.0 = Debug|Any CPU
		{CE6276AA-EB5A-4893-BCCD-16AB395D863E}.Release|Any CPU.ActiveCfg = Release|Any CPU
		{CE6276AA-EB5A-4893-BCCD-16AB395D863E}.Release|Any CPU.Build.0 = Release|Any CPU
		{E2B16A78-2883-4A6B-BCB8-F3BACEA5EEBA}.Debug|Any CPU.ActiveCfg = Debug|Any CPU
		{E2B16A78-2883-4A6B-BCB8-F3BACEA5EEBA}.Debug|Any CPU.Build.0 = Debug|Any CPU
		{E2B16A78-2883-4A6B-BCB8-F3BACEA5EEBA}.Release|Any CPU.ActiveCfg = Release|Any CPU
		{E2B16A78-2883-4A6B-BCB8-F3BACEA5EEBA}.Release|Any CPU.Build.0 = Release|Any CPU
	EndGlobalSection
	GlobalSection(SolutionProperties) = preSolution
		HideSolutionNode = FALSE
	EndGlobalSection
	GlobalSection(ExtensibilityGlobals) = postSolution
		SolutionGuid = {5A78906F-2FC3-4FD9-B6C5-B7F3BCAE86EE}
	EndGlobalSection
EndGlobal
